// !$*UTF8*$!
{
	archiveVersion = 1;
	classes = {
	};
	objectVersion = 77;
	objects = {

/* Begin PBXBuildFile section */
		05FA725F2D6DC16100DE314B /* Assets.xcassets in Resources */ = {isa = PBXBuildFile; fileRef = 05FA72562D6DC16100DE314B /* Assets.xcassets */; };
		05FA72612D6DC16100DE314B /* LaunchScreen.storyboard in Resources */ = {isa = PBXBuildFile; fileRef = 05FA72592D6DC16100DE314B /* LaunchScreen.storyboard */; };
		05FA72632D6DC16100DE314B /* AppDelegate.swift in Sources */ = {isa = PBXBuildFile; fileRef = 05FA72552D6DC16100DE314B /* AppDelegate.swift */; };
		05FA72642D6DC16100DE314B /* SceneDelegate.swift in Sources */ = {isa = PBXBuildFile; fileRef = 05FA725C2D6DC16100DE314B /* SceneDelegate.swift */; };
		05FA72682D6DC16500DE314B /* CleanArchitectureTests.swift in Sources */ = {isa = PBXBuildFile; fileRef = 05FA72662D6DC16500DE314B /* CleanArchitectureTests.swift */; };
		05FA726C2D6DC16800DE314B /* CleanArchitectureUITests.swift in Sources */ = {isa = PBXBuildFile; fileRef = 05FA72692D6DC16800DE314B /* CleanArchitectureUITests.swift */; };
		05FA726D2D6DC16800DE314B /* CleanArchitectureUITestsLaunchTests.swift in Sources */ = {isa = PBXBuildFile; fileRef = 05FA726A2D6DC16800DE314B /* CleanArchitectureUITestsLaunchTests.swift */; };
		05FA72752D6DC31600DE314B /* UserListItem.swift in Sources */ = {isa = PBXBuildFile; fileRef = 05FA72742D6DC31600DE314B /* UserListItem.swift */; };
		05FA72772D6DC43500DE314B /* NetworkError.swift in Sources */ = {isa = PBXBuildFile; fileRef = 05FA72762D6DC43500DE314B /* NetworkError.swift */; };
		05FA72792D6DC58900DE314B /* CoreDataError.swift in Sources */ = {isa = PBXBuildFile; fileRef = 05FA72782D6DC58900DE314B /* CoreDataError.swift */; };
		05FA727B2D6E20DB00DE314B /* UserListUseCase.swift in Sources */ = {isa = PBXBuildFile; fileRef = 05FA727A2D6E20DB00DE314B /* UserListUseCase.swift */; };
		05FDBD232D6E234600BE9E3A /* UserListRepositoryProtocol.swift in Sources */ = {isa = PBXBuildFile; fileRef = 05FDBD222D6E234600BE9E3A /* UserListRepositoryProtocol.swift */; };
		2427CD799FD9806D9B399D89 /* Pods_CleanArchitecture.framework in Frameworks */ = {isa = PBXBuildFile; fileRef = EDE64E4C9C40E44743C54FF7 /* Pods_CleanArchitecture.framework */; };
		27A87C9108ECC3BC2A204B53 /* Pods_CleanArchitectureTests.framework in Frameworks */ = {isa = PBXBuildFile; fileRef = 763B4DFD229BC35C2078318E /* Pods_CleanArchitectureTests.framework */; };
		51E4F3CFDF74E9A4F747FE72 /* Pods_CleanArchitecture_CleanArchitectureUITests.framework in Frameworks */ = {isa = PBXBuildFile; fileRef = 7267F0189B77211BD303473A /* Pods_CleanArchitecture_CleanArchitectureUITests.framework */; };
/* End PBXBuildFile section */

/* Begin PBXContainerItemProxy section */
		05FA72382D6DC13700DE314B /* PBXContainerItemProxy */ = {
			isa = PBXContainerItemProxy;
			containerPortal = 05FA72192D6DC13500DE314B /* Project object */;
			proxyType = 1;
			remoteGlobalIDString = 05FA72202D6DC13500DE314B;
			remoteInfo = CleanArchitecture;
		};
		05FA72422D6DC13700DE314B /* PBXContainerItemProxy */ = {
			isa = PBXContainerItemProxy;
			containerPortal = 05FA72192D6DC13500DE314B /* Project object */;
			proxyType = 1;
			remoteGlobalIDString = 05FA72202D6DC13500DE314B;
			remoteInfo = CleanArchitecture;
		};
/* End PBXContainerItemProxy section */

/* Begin PBXFileReference section */
		05FA72212D6DC13500DE314B /* CleanArchitecture.app */ = {isa = PBXFileReference; explicitFileType = wrapper.application; includeInIndex = 0; path = CleanArchitecture.app; sourceTree = BUILT_PRODUCTS_DIR; };
		05FA72372D6DC13700DE314B /* CleanArchitectureTests.xctest */ = {isa = PBXFileReference; explicitFileType = wrapper.cfbundle; includeInIndex = 0; path = CleanArchitectureTests.xctest; sourceTree = BUILT_PRODUCTS_DIR; };
		05FA72412D6DC13700DE314B /* CleanArchitectureUITests.xctest */ = {isa = PBXFileReference; explicitFileType = wrapper.cfbundle; includeInIndex = 0; path = CleanArchitectureUITests.xctest; sourceTree = BUILT_PRODUCTS_DIR; };
		05FA72552D6DC16100DE314B /* AppDelegate.swift */ = {isa = PBXFileReference; lastKnownFileType = sourcecode.swift; path = AppDelegate.swift; sourceTree = "<group>"; };
		05FA72562D6DC16100DE314B /* Assets.xcassets */ = {isa = PBXFileReference; lastKnownFileType = folder.assetcatalog; path = Assets.xcassets; sourceTree = "<group>"; };
		05FA72572D6DC16100DE314B /* Info.plist */ = {isa = PBXFileReference; lastKnownFileType = text.plist.xml; path = Info.plist; sourceTree = "<group>"; };
		05FA72582D6DC16100DE314B /* Base */ = {isa = PBXFileReference; lastKnownFileType = file.storyboard; name = Base; path = Base.lproj/LaunchScreen.storyboard; sourceTree = "<group>"; };
		05FA725C2D6DC16100DE314B /* SceneDelegate.swift */ = {isa = PBXFileReference; lastKnownFileType = sourcecode.swift; path = SceneDelegate.swift; sourceTree = "<group>"; };
		05FA72662D6DC16500DE314B /* CleanArchitectureTests.swift */ = {isa = PBXFileReference; lastKnownFileType = sourcecode.swift; path = CleanArchitectureTests.swift; sourceTree = "<group>"; };
		05FA72692D6DC16800DE314B /* CleanArchitectureUITests.swift */ = {isa = PBXFileReference; lastKnownFileType = sourcecode.swift; path = CleanArchitectureUITests.swift; sourceTree = "<group>"; };
		05FA726A2D6DC16800DE314B /* CleanArchitectureUITestsLaunchTests.swift */ = {isa = PBXFileReference; lastKnownFileType = sourcecode.swift; path = CleanArchitectureUITestsLaunchTests.swift; sourceTree = "<group>"; };
		05FA72742D6DC31600DE314B /* UserListItem.swift */ = {isa = PBXFileReference; lastKnownFileType = sourcecode.swift; path = UserListItem.swift; sourceTree = "<group>"; };
		05FA72762D6DC43500DE314B /* NetworkError.swift */ = {isa = PBXFileReference; lastKnownFileType = sourcecode.swift; path = NetworkError.swift; sourceTree = "<group>"; };
		05FA72782D6DC58900DE314B /* CoreDataError.swift */ = {isa = PBXFileReference; lastKnownFileType = sourcecode.swift; path = CoreDataError.swift; sourceTree = "<group>"; };
		05FA727A2D6E20DB00DE314B /* UserListUseCase.swift */ = {isa = PBXFileReference; lastKnownFileType = sourcecode.swift; path = UserListUseCase.swift; sourceTree = "<group>"; };
		05FDBD222D6E234600BE9E3A /* UserListRepositoryProtocol.swift */ = {isa = PBXFileReference; lastKnownFileType = sourcecode.swift; path = UserListRepositoryProtocol.swift; sourceTree = "<group>"; };
		07A6D1BD43CA15202975426C /* Pods-CleanArchitectureTests.release.xcconfig */ = {isa = PBXFileReference; includeInIndex = 1; lastKnownFileType = text.xcconfig; name = "Pods-CleanArchitectureTests.release.xcconfig"; path = "Target Support Files/Pods-CleanArchitectureTests/Pods-CleanArchitectureTests.release.xcconfig"; sourceTree = "<group>"; };
		0B1D0882612843E1C264255C /* Pods-CleanArchitecture-CleanArchitectureUITests.release.xcconfig */ = {isa = PBXFileReference; includeInIndex = 1; lastKnownFileType = text.xcconfig; name = "Pods-CleanArchitecture-CleanArchitectureUITests.release.xcconfig"; path = "Target Support Files/Pods-CleanArchitecture-CleanArchitectureUITests/Pods-CleanArchitecture-CleanArchitectureUITests.release.xcconfig"; sourceTree = "<group>"; };
		7267F0189B77211BD303473A /* Pods_CleanArchitecture_CleanArchitectureUITests.framework */ = {isa = PBXFileReference; explicitFileType = wrapper.framework; includeInIndex = 0; path = Pods_CleanArchitecture_CleanArchitectureUITests.framework; sourceTree = BUILT_PRODUCTS_DIR; };
		763B4DFD229BC35C2078318E /* Pods_CleanArchitectureTests.framework */ = {isa = PBXFileReference; explicitFileType = wrapper.framework; includeInIndex = 0; path = Pods_CleanArchitectureTests.framework; sourceTree = BUILT_PRODUCTS_DIR; };
		98FC3B5E26FF63A5DC105ED8 /* Pods-CleanArchitecture-CleanArchitectureUITests.debug.xcconfig */ = {isa = PBXFileReference; includeInIndex = 1; lastKnownFileType = text.xcconfig; name = "Pods-CleanArchitecture-CleanArchitectureUITests.debug.xcconfig"; path = "Target Support Files/Pods-CleanArchitecture-CleanArchitectureUITests/Pods-CleanArchitecture-CleanArchitectureUITests.debug.xcconfig"; sourceTree = "<group>"; };
		9BA1EC38A3F2BB48DEA8D6F0 /* Pods-CleanArchitectureTests.debug.xcconfig */ = {isa = PBXFileReference; includeInIndex = 1; lastKnownFileType = text.xcconfig; name = "Pods-CleanArchitectureTests.debug.xcconfig"; path = "Target Support Files/Pods-CleanArchitectureTests/Pods-CleanArchitectureTests.debug.xcconfig"; sourceTree = "<group>"; };
		EDE64E4C9C40E44743C54FF7 /* Pods_CleanArchitecture.framework */ = {isa = PBXFileReference; explicitFileType = wrapper.framework; includeInIndex = 0; path = Pods_CleanArchitecture.framework; sourceTree = BUILT_PRODUCTS_DIR; };
		F5EA2921D58E4C9EA488FF8D /* Pods-CleanArchitecture.release.xcconfig */ = {isa = PBXFileReference; includeInIndex = 1; lastKnownFileType = text.xcconfig; name = "Pods-CleanArchitecture.release.xcconfig"; path = "Target Support Files/Pods-CleanArchitecture/Pods-CleanArchitecture.release.xcconfig"; sourceTree = "<group>"; };
		F758134DAB746C255F89CF7D /* Pods-CleanArchitecture.debug.xcconfig */ = {isa = PBXFileReference; includeInIndex = 1; lastKnownFileType = text.xcconfig; name = "Pods-CleanArchitecture.debug.xcconfig"; path = "Target Support Files/Pods-CleanArchitecture/Pods-CleanArchitecture.debug.xcconfig"; sourceTree = "<group>"; };
/* End PBXFileReference section */

/* Begin PBXFrameworksBuildPhase section */
		05FA721E2D6DC13500DE314B /* Frameworks */ = {
			isa = PBXFrameworksBuildPhase;
			buildActionMask = 2147483647;
			files = (
				2427CD799FD9806D9B399D89 /* Pods_CleanArchitecture.framework in Frameworks */,
			);
			runOnlyForDeploymentPostprocessing = 0;
		};
		05FA72342D6DC13700DE314B /* Frameworks */ = {
			isa = PBXFrameworksBuildPhase;
			buildActionMask = 2147483647;
			files = (
				27A87C9108ECC3BC2A204B53 /* Pods_CleanArchitectureTests.framework in Frameworks */,
			);
			runOnlyForDeploymentPostprocessing = 0;
		};
		05FA723E2D6DC13700DE314B /* Frameworks */ = {
			isa = PBXFrameworksBuildPhase;
			buildActionMask = 2147483647;
			files = (
				51E4F3CFDF74E9A4F747FE72 /* Pods_CleanArchitecture_CleanArchitectureUITests.framework in Frameworks */,
			);
			runOnlyForDeploymentPostprocessing = 0;
		};
/* End PBXFrameworksBuildPhase section */

/* Begin PBXGroup section */
		05FA72182D6DC13500DE314B = {
			isa = PBXGroup;
			children = (
				05FA725E2D6DC16100DE314B /* CleanArchitecture */,
				05FA72672D6DC16500DE314B /* CleanArchitectureTests */,
				05FA726B2D6DC16800DE314B /* CleanArchitectureUITests */,
				05FA72222D6DC13500DE314B /* Products */,
				58C2B6C80CD8A44844F38D7B /* Pods */,
				F9FE0D5E6F3CA61B6EABB15E /* Frameworks */,
			);
			sourceTree = "<group>";
		};
		05FA72222D6DC13500DE314B /* Products */ = {
			isa = PBXGroup;
			children = (
				05FA72212D6DC13500DE314B /* CleanArchitecture.app */,
				05FA72372D6DC13700DE314B /* CleanArchitectureTests.xctest */,
				05FA72412D6DC13700DE314B /* CleanArchitectureUITests.xctest */,
			);
			name = Products;
			sourceTree = "<group>";
		};
		05FA725E2D6DC16100DE314B /* CleanArchitecture */ = {
			isa = PBXGroup;
			children = (
				05FA72572D6DC16100DE314B /* Info.plist */,
				05FA72702D6DC1E900DE314B /* Resources */,
				05FA726F2D6DC1E100DE314B /* Sources */,
			);
			path = CleanArchitecture;
			sourceTree = "<group>";
		};
		05FA72672D6DC16500DE314B /* CleanArchitectureTests */ = {
			isa = PBXGroup;
			children = (
				05FA72662D6DC16500DE314B /* CleanArchitectureTests.swift */,
			);
			path = CleanArchitectureTests;
			sourceTree = "<group>";
		};
		05FA726B2D6DC16800DE314B /* CleanArchitectureUITests */ = {
			isa = PBXGroup;
			children = (
				05FA72692D6DC16800DE314B /* CleanArchitectureUITests.swift */,
				05FA726A2D6DC16800DE314B /* CleanArchitectureUITestsLaunchTests.swift */,
			);
			path = CleanArchitectureUITests;
			sourceTree = "<group>";
		};
		05FA726E2D6DC1D900DE314B /* Application */ = {
			isa = PBXGroup;
			children = (
				05FA72552D6DC16100DE314B /* AppDelegate.swift */,
				05FA725C2D6DC16100DE314B /* SceneDelegate.swift */,
			);
			path = Application;
			sourceTree = "<group>";
		};
		05FA726F2D6DC1E100DE314B /* Sources */ = {
			isa = PBXGroup;
			children = (
				05FA726E2D6DC1D900DE314B /* Application */,
				05FDBD242D6E247100BE9E3A /* Data */,
				05FA72712D6DC2EE00DE314B /* Domain */,
			);
			path = Sources;
			sourceTree = "<group>";
		};
		05FA72702D6DC1E900DE314B /* Resources */ = {
			isa = PBXGroup;
			children = (
				05FA72562D6DC16100DE314B /* Assets.xcassets */,
				05FA72592D6DC16100DE314B /* LaunchScreen.storyboard */,
			);
			path = Resources;
			sourceTree = "<group>";
		};
		05FA72712D6DC2EE00DE314B /* Domain */ = {
			isa = PBXGroup;
			children = (
				05FDBD212D6E232F00BE9E3A /* RepositoryProtocol */,
				05FA72722D6DC2F700DE314B /* UseCase */,
				05FA72732D6DC30300DE314B /* Entity */,
			);
			path = Domain;
			sourceTree = "<group>";
		};
		05FA72722D6DC2F700DE314B /* UseCase */ = {
			isa = PBXGroup;
			children = (
				05FA727A2D6E20DB00DE314B /* UserListUseCase.swift */,
			);
			path = UseCase;
			sourceTree = "<group>";
		};
		05FA72732D6DC30300DE314B /* Entity */ = {
			isa = PBXGroup;
			children = (
				05FA72742D6DC31600DE314B /* UserListItem.swift */,
				05FA72762D6DC43500DE314B /* NetworkError.swift */,
				05FA72782D6DC58900DE314B /* CoreDataError.swift */,
			);
			path = Entity;
			sourceTree = "<group>";
		};
		05FDBD212D6E232F00BE9E3A /* RepositoryProtocol */ = {
			isa = PBXGroup;
			children = (
				05FDBD222D6E234600BE9E3A /* UserListRepositoryProtocol.swift */,
			);
			path = RepositoryProtocol;
			sourceTree = "<group>";
		};
		05FDBD242D6E247100BE9E3A /* Data */ = {
			isa = PBXGroup;
			children = (
				05FDBD252D6E247600BE9E3A /* Repository */,
				05FDBD262D6E247F00BE9E3A /* CoreData */,
				05FDBD272D6E248600BE9E3A /* Network */,
			);
			path = Data;
			sourceTree = "<group>";
		};
		05FDBD252D6E247600BE9E3A /* Repository */ = {
			isa = PBXGroup;
			children = (
			);
			path = Repository;
			sourceTree = "<group>";
		};
		05FDBD262D6E247F00BE9E3A /* CoreData */ = {
			isa = PBXGroup;
			children = (
			);
			path = CoreData;
			sourceTree = "<group>";
		};
		05FDBD272D6E248600BE9E3A /* Network */ = {
			isa = PBXGroup;
			children = (
			);
			path = Network;
			sourceTree = "<group>";
		};
		58C2B6C80CD8A44844F38D7B /* Pods */ = {
			isa = PBXGroup;
			children = (
				F758134DAB746C255F89CF7D /* Pods-CleanArchitecture.debug.xcconfig */,
				F5EA2921D58E4C9EA488FF8D /* Pods-CleanArchitecture.release.xcconfig */,
				98FC3B5E26FF63A5DC105ED8 /* Pods-CleanArchitecture-CleanArchitectureUITests.debug.xcconfig */,
				0B1D0882612843E1C264255C /* Pods-CleanArchitecture-CleanArchitectureUITests.release.xcconfig */,
				9BA1EC38A3F2BB48DEA8D6F0 /* Pods-CleanArchitectureTests.debug.xcconfig */,
				07A6D1BD43CA15202975426C /* Pods-CleanArchitectureTests.release.xcconfig */,
			);
			path = Pods;
			sourceTree = "<group>";
		};
		F9FE0D5E6F3CA61B6EABB15E /* Frameworks */ = {
			isa = PBXGroup;
			children = (
				EDE64E4C9C40E44743C54FF7 /* Pods_CleanArchitecture.framework */,
				7267F0189B77211BD303473A /* Pods_CleanArchitecture_CleanArchitectureUITests.framework */,
				763B4DFD229BC35C2078318E /* Pods_CleanArchitectureTests.framework */,
			);
			name = Frameworks;
			sourceTree = "<group>";
		};
/* End PBXGroup section */

/* Begin PBXNativeTarget section */
		05FA72202D6DC13500DE314B /* CleanArchitecture */ = {
			isa = PBXNativeTarget;
			buildConfigurationList = 05FA724A2D6DC13700DE314B /* Build configuration list for PBXNativeTarget "CleanArchitecture" */;
			buildPhases = (
				E2353D7582528CE56DD1FBF8 /* [CP] Check Pods Manifest.lock */,
				05FA721D2D6DC13500DE314B /* Sources */,
				05FA721E2D6DC13500DE314B /* Frameworks */,
				05FA721F2D6DC13500DE314B /* Resources */,
				6BD4313D201E68CC3F86A410 /* [CP] Embed Pods Frameworks */,
			);
			buildRules = (
			);
			dependencies = (
			);
			name = CleanArchitecture;
			productName = CleanArchitecture;
			productReference = 05FA72212D6DC13500DE314B /* CleanArchitecture.app */;
			productType = "com.apple.product-type.application";
		};
		05FA72362D6DC13700DE314B /* CleanArchitectureTests */ = {
			isa = PBXNativeTarget;
			buildConfigurationList = 05FA724F2D6DC13700DE314B /* Build configuration list for PBXNativeTarget "CleanArchitectureTests" */;
			buildPhases = (
				A3BB434BB8809C28B0A8C7D4 /* [CP] Check Pods Manifest.lock */,
				05FA72332D6DC13700DE314B /* Sources */,
				05FA72342D6DC13700DE314B /* Frameworks */,
				05FA72352D6DC13700DE314B /* Resources */,
			);
			buildRules = (
			);
			dependencies = (
				05FA72392D6DC13700DE314B /* PBXTargetDependency */,
			);
			name = CleanArchitectureTests;
			productName = CleanArchitectureTests;
			productReference = 05FA72372D6DC13700DE314B /* CleanArchitectureTests.xctest */;
			productType = "com.apple.product-type.bundle.unit-test";
		};
		05FA72402D6DC13700DE314B /* CleanArchitectureUITests */ = {
			isa = PBXNativeTarget;
			buildConfigurationList = 05FA72522D6DC13700DE314B /* Build configuration list for PBXNativeTarget "CleanArchitectureUITests" */;
			buildPhases = (
				2E8DFF1CC49ADB4F36D5D877 /* [CP] Check Pods Manifest.lock */,
				05FA723D2D6DC13700DE314B /* Sources */,
				05FA723E2D6DC13700DE314B /* Frameworks */,
				05FA723F2D6DC13700DE314B /* Resources */,
				A7CC962653AC743C6B29A13E /* [CP] Embed Pods Frameworks */,
			);
			buildRules = (
			);
			dependencies = (
				05FA72432D6DC13700DE314B /* PBXTargetDependency */,
			);
			name = CleanArchitectureUITests;
			productName = CleanArchitectureUITests;
			productReference = 05FA72412D6DC13700DE314B /* CleanArchitectureUITests.xctest */;
			productType = "com.apple.product-type.bundle.ui-testing";
		};
/* End PBXNativeTarget section */

/* Begin PBXProject section */
		05FA72192D6DC13500DE314B /* Project object */ = {
			isa = PBXProject;
			attributes = {
				BuildIndependentTargetsInParallel = 1;
				LastSwiftUpdateCheck = 1620;
				LastUpgradeCheck = 1620;
				TargetAttributes = {
					05FA72202D6DC13500DE314B = {
						CreatedOnToolsVersion = 16.2;
					};
					05FA72362D6DC13700DE314B = {
						CreatedOnToolsVersion = 16.2;
						TestTargetID = 05FA72202D6DC13500DE314B;
					};
					05FA72402D6DC13700DE314B = {
						CreatedOnToolsVersion = 16.2;
						TestTargetID = 05FA72202D6DC13500DE314B;
					};
				};
			};
			buildConfigurationList = 05FA721C2D6DC13500DE314B /* Build configuration list for PBXProject "CleanArchitecture" */;
			developmentRegion = en;
			hasScannedForEncodings = 0;
			knownRegions = (
				en,
				Base,
			);
			mainGroup = 05FA72182D6DC13500DE314B;
			minimizedProjectReferenceProxies = 1;
			preferredProjectObjectVersion = 77;
			productRefGroup = 05FA72222D6DC13500DE314B /* Products */;
			projectDirPath = "";
			projectRoot = "";
			targets = (
				05FA72202D6DC13500DE314B /* CleanArchitecture */,
				05FA72362D6DC13700DE314B /* CleanArchitectureTests */,
				05FA72402D6DC13700DE314B /* CleanArchitectureUITests */,
			);
		};
/* End PBXProject section */

/* Begin PBXResourcesBuildPhase section */
		05FA721F2D6DC13500DE314B /* Resources */ = {
			isa = PBXResourcesBuildPhase;
			buildActionMask = 2147483647;
			files = (
				05FA725F2D6DC16100DE314B /* Assets.xcassets in Resources */,
				05FA72612D6DC16100DE314B /* LaunchScreen.storyboard in Resources */,
			);
			runOnlyForDeploymentPostprocessing = 0;
		};
		05FA72352D6DC13700DE314B /* Resources */ = {
			isa = PBXResourcesBuildPhase;
			buildActionMask = 2147483647;
			files = (
			);
			runOnlyForDeploymentPostprocessing = 0;
		};
		05FA723F2D6DC13700DE314B /* Resources */ = {
			isa = PBXResourcesBuildPhase;
			buildActionMask = 2147483647;
			files = (
			);
			runOnlyForDeploymentPostprocessing = 0;
		};
/* End PBXResourcesBuildPhase section */

/* Begin PBXShellScriptBuildPhase section */
		2E8DFF1CC49ADB4F36D5D877 /* [CP] Check Pods Manifest.lock */ = {
			isa = PBXShellScriptBuildPhase;
			buildActionMask = 2147483647;
			files = (
			);
			inputFileListPaths = (
			);
			inputPaths = (
				"${PODS_PODFILE_DIR_PATH}/Podfile.lock",
				"${PODS_ROOT}/Manifest.lock",
			);
			name = "[CP] Check Pods Manifest.lock";
			outputFileListPaths = (
			);
			outputPaths = (
				"$(DERIVED_FILE_DIR)/Pods-CleanArchitecture-CleanArchitectureUITests-checkManifestLockResult.txt",
			);
			runOnlyForDeploymentPostprocessing = 0;
			shellPath = /bin/sh;
			shellScript = "diff \"${PODS_PODFILE_DIR_PATH}/Podfile.lock\" \"${PODS_ROOT}/Manifest.lock\" > /dev/null\nif [ $? != 0 ] ; then\n    # print error to STDERR\n    echo \"error: The sandbox is not in sync with the Podfile.lock. Run 'pod install' or update your CocoaPods installation.\" >&2\n    exit 1\nfi\n# This output is used by Xcode 'outputs' to avoid re-running this script phase.\necho \"SUCCESS\" > \"${SCRIPT_OUTPUT_FILE_0}\"\n";
			showEnvVarsInLog = 0;
		};
		6BD4313D201E68CC3F86A410 /* [CP] Embed Pods Frameworks */ = {
			isa = PBXShellScriptBuildPhase;
			buildActionMask = 2147483647;
			files = (
			);
			inputFileListPaths = (
				"${PODS_ROOT}/Target Support Files/Pods-CleanArchitecture/Pods-CleanArchitecture-frameworks-${CONFIGURATION}-input-files.xcfilelist",
			);
			name = "[CP] Embed Pods Frameworks";
			outputFileListPaths = (
				"${PODS_ROOT}/Target Support Files/Pods-CleanArchitecture/Pods-CleanArchitecture-frameworks-${CONFIGURATION}-output-files.xcfilelist",
			);
			runOnlyForDeploymentPostprocessing = 0;
			shellPath = /bin/sh;
			shellScript = "\"${PODS_ROOT}/Target Support Files/Pods-CleanArchitecture/Pods-CleanArchitecture-frameworks.sh\"\n";
			showEnvVarsInLog = 0;
		};
		A3BB434BB8809C28B0A8C7D4 /* [CP] Check Pods Manifest.lock */ = {
			isa = PBXShellScriptBuildPhase;
			buildActionMask = 2147483647;
			files = (
			);
			inputFileListPaths = (
			);
			inputPaths = (
				"${PODS_PODFILE_DIR_PATH}/Podfile.lock",
				"${PODS_ROOT}/Manifest.lock",
			);
			name = "[CP] Check Pods Manifest.lock";
			outputFileListPaths = (
			);
			outputPaths = (
				"$(DERIVED_FILE_DIR)/Pods-CleanArchitectureTests-checkManifestLockResult.txt",
			);
			runOnlyForDeploymentPostprocessing = 0;
			shellPath = /bin/sh;
			shellScript = "diff \"${PODS_PODFILE_DIR_PATH}/Podfile.lock\" \"${PODS_ROOT}/Manifest.lock\" > /dev/null\nif [ $? != 0 ] ; then\n    # print error to STDERR\n    echo \"error: The sandbox is not in sync with the Podfile.lock. Run 'pod install' or update your CocoaPods installation.\" >&2\n    exit 1\nfi\n# This output is used by Xcode 'outputs' to avoid re-running this script phase.\necho \"SUCCESS\" > \"${SCRIPT_OUTPUT_FILE_0}\"\n";
			showEnvVarsInLog = 0;
		};
		A7CC962653AC743C6B29A13E /* [CP] Embed Pods Frameworks */ = {
			isa = PBXShellScriptBuildPhase;
			buildActionMask = 2147483647;
			files = (
			);
			inputFileListPaths = (
				"${PODS_ROOT}/Target Support Files/Pods-CleanArchitecture-CleanArchitectureUITests/Pods-CleanArchitecture-CleanArchitectureUITests-frameworks-${CONFIGURATION}-input-files.xcfilelist",
			);
			name = "[CP] Embed Pods Frameworks";
			outputFileListPaths = (
				"${PODS_ROOT}/Target Support Files/Pods-CleanArchitecture-CleanArchitectureUITests/Pods-CleanArchitecture-CleanArchitectureUITests-frameworks-${CONFIGURATION}-output-files.xcfilelist",
			);
			runOnlyForDeploymentPostprocessing = 0;
			shellPath = /bin/sh;
			shellScript = "\"${PODS_ROOT}/Target Support Files/Pods-CleanArchitecture-CleanArchitectureUITests/Pods-CleanArchitecture-CleanArchitectureUITests-frameworks.sh\"\n";
			showEnvVarsInLog = 0;
		};
		E2353D7582528CE56DD1FBF8 /* [CP] Check Pods Manifest.lock */ = {
			isa = PBXShellScriptBuildPhase;
			buildActionMask = 2147483647;
			files = (
			);
			inputFileListPaths = (
			);
			inputPaths = (
				"${PODS_PODFILE_DIR_PATH}/Podfile.lock",
				"${PODS_ROOT}/Manifest.lock",
			);
			name = "[CP] Check Pods Manifest.lock";
			outputFileListPaths = (
			);
			outputPaths = (
				"$(DERIVED_FILE_DIR)/Pods-CleanArchitecture-checkManifestLockResult.txt",
			);
			runOnlyForDeploymentPostprocessing = 0;
			shellPath = /bin/sh;
			shellScript = "diff \"${PODS_PODFILE_DIR_PATH}/Podfile.lock\" \"${PODS_ROOT}/Manifest.lock\" > /dev/null\nif [ $? != 0 ] ; then\n    # print error to STDERR\n    echo \"error: The sandbox is not in sync with the Podfile.lock. Run 'pod install' or update your CocoaPods installation.\" >&2\n    exit 1\nfi\n# This output is used by Xcode 'outputs' to avoid re-running this script phase.\necho \"SUCCESS\" > \"${SCRIPT_OUTPUT_FILE_0}\"\n";
			showEnvVarsInLog = 0;
		};
/* End PBXShellScriptBuildPhase section */

/* Begin PBXSourcesBuildPhase section */
		05FA721D2D6DC13500DE314B /* Sources */ = {
			isa = PBXSourcesBuildPhase;
			buildActionMask = 2147483647;
			files = (
				05FA72632D6DC16100DE314B /* AppDelegate.swift in Sources */,
				05FA72772D6DC43500DE314B /* NetworkError.swift in Sources */,
				05FA72792D6DC58900DE314B /* CoreDataError.swift in Sources */,
				05FA72642D6DC16100DE314B /* SceneDelegate.swift in Sources */,
				05FA727B2D6E20DB00DE314B /* UserListUseCase.swift in Sources */,
				05FDBD232D6E234600BE9E3A /* UserListRepositoryProtocol.swift in Sources */,
				05FA72752D6DC31600DE314B /* UserListItem.swift in Sources */,
			);
			runOnlyForDeploymentPostprocessing = 0;
		};
		05FA72332D6DC13700DE314B /* Sources */ = {
			isa = PBXSourcesBuildPhase;
			buildActionMask = 2147483647;
			files = (
				05FA72682D6DC16500DE314B /* CleanArchitectureTests.swift in Sources */,
			);
			runOnlyForDeploymentPostprocessing = 0;
		};
		05FA723D2D6DC13700DE314B /* Sources */ = {
			isa = PBXSourcesBuildPhase;
			buildActionMask = 2147483647;
			files = (
				05FA726C2D6DC16800DE314B /* CleanArchitectureUITests.swift in Sources */,
				05FA726D2D6DC16800DE314B /* CleanArchitectureUITestsLaunchTests.swift in Sources */,
			);
			runOnlyForDeploymentPostprocessing = 0;
		};
/* End PBXSourcesBuildPhase section */

/* Begin PBXTargetDependency section */
		05FA72392D6DC13700DE314B /* PBXTargetDependency */ = {
			isa = PBXTargetDependency;
			target = 05FA72202D6DC13500DE314B /* CleanArchitecture */;
			targetProxy = 05FA72382D6DC13700DE314B /* PBXContainerItemProxy */;
		};
		05FA72432D6DC13700DE314B /* PBXTargetDependency */ = {
			isa = PBXTargetDependency;
			target = 05FA72202D6DC13500DE314B /* CleanArchitecture */;
			targetProxy = 05FA72422D6DC13700DE314B /* PBXContainerItemProxy */;
		};
/* End PBXTargetDependency section */

/* Begin PBXVariantGroup section */
		05FA72592D6DC16100DE314B /* LaunchScreen.storyboard */ = {
			isa = PBXVariantGroup;
			children = (
				05FA72582D6DC16100DE314B /* Base */,
			);
			name = LaunchScreen.storyboard;
			sourceTree = "<group>";
		};
/* End PBXVariantGroup section */

/* Begin XCBuildConfiguration section */
		05FA724B2D6DC13700DE314B /* Debug */ = {
			isa = XCBuildConfiguration;
			baseConfigurationReference = F758134DAB746C255F89CF7D /* Pods-CleanArchitecture.debug.xcconfig */;
			buildSettings = {
				ASSETCATALOG_COMPILER_APPICON_NAME = AppIcon;
				ASSETCATALOG_COMPILER_GLOBAL_ACCENT_COLOR_NAME = AccentColor;
				CODE_SIGN_STYLE = Automatic;
				CURRENT_PROJECT_VERSION = 1;
				DEVELOPMENT_TEAM = 7WULLR98GP;
				GENERATE_INFOPLIST_FILE = YES;
				INFOPLIST_FILE = CleanArchitecture/Info.plist;
				INFOPLIST_KEY_UIApplicationSupportsIndirectInputEvents = YES;
				INFOPLIST_KEY_UILaunchStoryboardName = LaunchScreen;
				INFOPLIST_KEY_UIMainStoryboardFile = "";
				INFOPLIST_KEY_UISupportedInterfaceOrientations_iPad = "UIInterfaceOrientationPortrait UIInterfaceOrientationPortraitUpsideDown UIInterfaceOrientationLandscapeLeft UIInterfaceOrientationLandscapeRight";
				INFOPLIST_KEY_UISupportedInterfaceOrientations_iPhone = "UIInterfaceOrientationPortrait UIInterfaceOrientationLandscapeLeft UIInterfaceOrientationLandscapeRight";
				IPHONEOS_DEPLOYMENT_TARGET = 15.0;
				LD_RUNPATH_SEARCH_PATHS = (
					"$(inherited)",
					"@executable_path/Frameworks",
				);
				MARKETING_VERSION = 1.0;
				PRODUCT_BUNDLE_IDENTIFIER = com.rafa.CleanArchitecture;
				PRODUCT_NAME = "$(TARGET_NAME)";
				SWIFT_EMIT_LOC_STRINGS = YES;
				SWIFT_VERSION = 5.0;
				TARGETED_DEVICE_FAMILY = "1,2";
			};
			name = Debug;
		};
		05FA724C2D6DC13700DE314B /* Release */ = {
			isa = XCBuildConfiguration;
			baseConfigurationReference = F5EA2921D58E4C9EA488FF8D /* Pods-CleanArchitecture.release.xcconfig */;
			buildSettings = {
				ASSETCATALOG_COMPILER_APPICON_NAME = AppIcon;
				ASSETCATALOG_COMPILER_GLOBAL_ACCENT_COLOR_NAME = AccentColor;
				CODE_SIGN_STYLE = Automatic;
				CURRENT_PROJECT_VERSION = 1;
				DEVELOPMENT_TEAM = 7WULLR98GP;
				GENERATE_INFOPLIST_FILE = YES;
				INFOPLIST_FILE = CleanArchitecture/Info.plist;
				INFOPLIST_KEY_UIApplicationSupportsIndirectInputEvents = YES;
				INFOPLIST_KEY_UILaunchStoryboardName = LaunchScreen;
				INFOPLIST_KEY_UIMainStoryboardFile = "";
				INFOPLIST_KEY_UISupportedInterfaceOrientations_iPad = "UIInterfaceOrientationPortrait UIInterfaceOrientationPortraitUpsideDown UIInterfaceOrientationLandscapeLeft UIInterfaceOrientationLandscapeRight";
				INFOPLIST_KEY_UISupportedInterfaceOrientations_iPhone = "UIInterfaceOrientationPortrait UIInterfaceOrientationLandscapeLeft UIInterfaceOrientationLandscapeRight";
				IPHONEOS_DEPLOYMENT_TARGET = 15.0;
				LD_RUNPATH_SEARCH_PATHS = (
					"$(inherited)",
					"@executable_path/Frameworks",
				);
				MARKETING_VERSION = 1.0;
				PRODUCT_BUNDLE_IDENTIFIER = com.rafa.CleanArchitecture;
				PRODUCT_NAME = "$(TARGET_NAME)";
				SWIFT_EMIT_LOC_STRINGS = YES;
				SWIFT_VERSION = 5.0;
				TARGETED_DEVICE_FAMILY = "1,2";
			};
			name = Release;
		};
		05FA724D2D6DC13700DE314B /* Debug */ = {
			isa = XCBuildConfiguration;
			buildSettings = {
				ALWAYS_SEARCH_USER_PATHS = NO;
				ASSETCATALOG_COMPILER_GENERATE_SWIFT_ASSET_SYMBOL_EXTENSIONS = YES;
				CLANG_ANALYZER_NONNULL = YES;
				CLANG_ANALYZER_NUMBER_OBJECT_CONVERSION = YES_AGGRESSIVE;
				CLANG_CXX_LANGUAGE_STANDARD = "gnu++20";
				CLANG_ENABLE_MODULES = YES;
				CLANG_ENABLE_OBJC_ARC = YES;
				CLANG_ENABLE_OBJC_WEAK = YES;
				CLANG_WARN_BLOCK_CAPTURE_AUTORELEASING = YES;
				CLANG_WARN_BOOL_CONVERSION = YES;
				CLANG_WARN_COMMA = YES;
				CLANG_WARN_CONSTANT_CONVERSION = YES;
				CLANG_WARN_DEPRECATED_OBJC_IMPLEMENTATIONS = YES;
				CLANG_WARN_DIRECT_OBJC_ISA_USAGE = YES_ERROR;
				CLANG_WARN_DOCUMENTATION_COMMENTS = YES;
				CLANG_WARN_EMPTY_BODY = YES;
				CLANG_WARN_ENUM_CONVERSION = YES;
				CLANG_WARN_INFINITE_RECURSION = YES;
				CLANG_WARN_INT_CONVERSION = YES;
				CLANG_WARN_NON_LITERAL_NULL_CONVERSION = YES;
				CLANG_WARN_OBJC_IMPLICIT_RETAIN_SELF = YES;
				CLANG_WARN_OBJC_LITERAL_CONVERSION = YES;
				CLANG_WARN_OBJC_ROOT_CLASS = YES_ERROR;
				CLANG_WARN_QUOTED_INCLUDE_IN_FRAMEWORK_HEADER = YES;
				CLANG_WARN_RANGE_LOOP_ANALYSIS = YES;
				CLANG_WARN_STRICT_PROTOTYPES = YES;
				CLANG_WARN_SUSPICIOUS_MOVE = YES;
				CLANG_WARN_UNGUARDED_AVAILABILITY = YES_AGGRESSIVE;
				CLANG_WARN_UNREACHABLE_CODE = YES;
				CLANG_WARN__DUPLICATE_METHOD_MATCH = YES;
				COPY_PHASE_STRIP = NO;
				DEBUG_INFORMATION_FORMAT = dwarf;
				ENABLE_STRICT_OBJC_MSGSEND = YES;
				ENABLE_TESTABILITY = YES;
				ENABLE_USER_SCRIPT_SANDBOXING = YES;
				GCC_C_LANGUAGE_STANDARD = gnu17;
				GCC_DYNAMIC_NO_PIC = NO;
				GCC_NO_COMMON_BLOCKS = YES;
				GCC_OPTIMIZATION_LEVEL = 0;
				GCC_PREPROCESSOR_DEFINITIONS = (
					"DEBUG=1",
					"$(inherited)",
				);
				GCC_WARN_64_TO_32_BIT_CONVERSION = YES;
				GCC_WARN_ABOUT_RETURN_TYPE = YES_ERROR;
				GCC_WARN_UNDECLARED_SELECTOR = YES;
				GCC_WARN_UNINITIALIZED_AUTOS = YES_AGGRESSIVE;
				GCC_WARN_UNUSED_FUNCTION = YES;
				GCC_WARN_UNUSED_VARIABLE = YES;
				IPHONEOS_DEPLOYMENT_TARGET = 18.2;
				LOCALIZATION_PREFERS_STRING_CATALOGS = YES;
				MTL_ENABLE_DEBUG_INFO = INCLUDE_SOURCE;
				MTL_FAST_MATH = YES;
				ONLY_ACTIVE_ARCH = YES;
				SDKROOT = iphoneos;
				SWIFT_ACTIVE_COMPILATION_CONDITIONS = "DEBUG $(inherited)";
				SWIFT_OPTIMIZATION_LEVEL = "-Onone";
			};
			name = Debug;
		};
		05FA724E2D6DC13700DE314B /* Release */ = {
			isa = XCBuildConfiguration;
			buildSettings = {
				ALWAYS_SEARCH_USER_PATHS = NO;
				ASSETCATALOG_COMPILER_GENERATE_SWIFT_ASSET_SYMBOL_EXTENSIONS = YES;
				CLANG_ANALYZER_NONNULL = YES;
				CLANG_ANALYZER_NUMBER_OBJECT_CONVERSION = YES_AGGRESSIVE;
				CLANG_CXX_LANGUAGE_STANDARD = "gnu++20";
				CLANG_ENABLE_MODULES = YES;
				CLANG_ENABLE_OBJC_ARC = YES;
				CLANG_ENABLE_OBJC_WEAK = YES;
				CLANG_WARN_BLOCK_CAPTURE_AUTORELEASING = YES;
				CLANG_WARN_BOOL_CONVERSION = YES;
				CLANG_WARN_COMMA = YES;
				CLANG_WARN_CONSTANT_CONVERSION = YES;
				CLANG_WARN_DEPRECATED_OBJC_IMPLEMENTATIONS = YES;
				CLANG_WARN_DIRECT_OBJC_ISA_USAGE = YES_ERROR;
				CLANG_WARN_DOCUMENTATION_COMMENTS = YES;
				CLANG_WARN_EMPTY_BODY = YES;
				CLANG_WARN_ENUM_CONVERSION = YES;
				CLANG_WARN_INFINITE_RECURSION = YES;
				CLANG_WARN_INT_CONVERSION = YES;
				CLANG_WARN_NON_LITERAL_NULL_CONVERSION = YES;
				CLANG_WARN_OBJC_IMPLICIT_RETAIN_SELF = YES;
				CLANG_WARN_OBJC_LITERAL_CONVERSION = YES;
				CLANG_WARN_OBJC_ROOT_CLASS = YES_ERROR;
				CLANG_WARN_QUOTED_INCLUDE_IN_FRAMEWORK_HEADER = YES;
				CLANG_WARN_RANGE_LOOP_ANALYSIS = YES;
				CLANG_WARN_STRICT_PROTOTYPES = YES;
				CLANG_WARN_SUSPICIOUS_MOVE = YES;
				CLANG_WARN_UNGUARDED_AVAILABILITY = YES_AGGRESSIVE;
				CLANG_WARN_UNREACHABLE_CODE = YES;
				CLANG_WARN__DUPLICATE_METHOD_MATCH = YES;
				COPY_PHASE_STRIP = NO;
				DEBUG_INFORMATION_FORMAT = "dwarf-with-dsym";
				ENABLE_NS_ASSERTIONS = NO;
				ENABLE_STRICT_OBJC_MSGSEND = YES;
				ENABLE_USER_SCRIPT_SANDBOXING = YES;
				GCC_C_LANGUAGE_STANDARD = gnu17;
				GCC_NO_COMMON_BLOCKS = YES;
				GCC_WARN_64_TO_32_BIT_CONVERSION = YES;
				GCC_WARN_ABOUT_RETURN_TYPE = YES_ERROR;
				GCC_WARN_UNDECLARED_SELECTOR = YES;
				GCC_WARN_UNINITIALIZED_AUTOS = YES_AGGRESSIVE;
				GCC_WARN_UNUSED_FUNCTION = YES;
				GCC_WARN_UNUSED_VARIABLE = YES;
				IPHONEOS_DEPLOYMENT_TARGET = 18.2;
				LOCALIZATION_PREFERS_STRING_CATALOGS = YES;
				MTL_ENABLE_DEBUG_INFO = NO;
				MTL_FAST_MATH = YES;
				SDKROOT = iphoneos;
				SWIFT_COMPILATION_MODE = wholemodule;
				VALIDATE_PRODUCT = YES;
			};
			name = Release;
		};
		05FA72502D6DC13700DE314B /* Debug */ = {
			isa = XCBuildConfiguration;
			baseConfigurationReference = 9BA1EC38A3F2BB48DEA8D6F0 /* Pods-CleanArchitectureTests.debug.xcconfig */;
			buildSettings = {
				BUNDLE_LOADER = "$(TEST_HOST)";
				CODE_SIGN_STYLE = Automatic;
				CURRENT_PROJECT_VERSION = 1;
				DEVELOPMENT_TEAM = 7WULLR98GP;
				GENERATE_INFOPLIST_FILE = YES;
				IPHONEOS_DEPLOYMENT_TARGET = 18.2;
				MARKETING_VERSION = 1.0;
				PRODUCT_BUNDLE_IDENTIFIER = com.rafa.CleanArchitectureTests;
				PRODUCT_NAME = "$(TARGET_NAME)";
				SWIFT_EMIT_LOC_STRINGS = NO;
				SWIFT_VERSION = 5.0;
				TARGETED_DEVICE_FAMILY = "1,2";
				TEST_HOST = "$(BUILT_PRODUCTS_DIR)/CleanArchitecture.app/$(BUNDLE_EXECUTABLE_FOLDER_PATH)/CleanArchitecture";
			};
			name = Debug;
		};
		05FA72512D6DC13700DE314B /* Release */ = {
			isa = XCBuildConfiguration;
			baseConfigurationReference = 07A6D1BD43CA15202975426C /* Pods-CleanArchitectureTests.release.xcconfig */;
			buildSettings = {
				BUNDLE_LOADER = "$(TEST_HOST)";
				CODE_SIGN_STYLE = Automatic;
				CURRENT_PROJECT_VERSION = 1;
				DEVELOPMENT_TEAM = 7WULLR98GP;
				GENERATE_INFOPLIST_FILE = YES;
				IPHONEOS_DEPLOYMENT_TARGET = 18.2;
				MARKETING_VERSION = 1.0;
				PRODUCT_BUNDLE_IDENTIFIER = com.rafa.CleanArchitectureTests;
				PRODUCT_NAME = "$(TARGET_NAME)";
				SWIFT_EMIT_LOC_STRINGS = NO;
				SWIFT_VERSION = 5.0;
				TARGETED_DEVICE_FAMILY = "1,2";
				TEST_HOST = "$(BUILT_PRODUCTS_DIR)/CleanArchitecture.app/$(BUNDLE_EXECUTABLE_FOLDER_PATH)/CleanArchitecture";
			};
			name = Release;
		};
		05FA72532D6DC13700DE314B /* Debug */ = {
			isa = XCBuildConfiguration;
			baseConfigurationReference = 98FC3B5E26FF63A5DC105ED8 /* Pods-CleanArchitecture-CleanArchitectureUITests.debug.xcconfig */;
			buildSettings = {
				CODE_SIGN_STYLE = Automatic;
				CURRENT_PROJECT_VERSION = 1;
				DEVELOPMENT_TEAM = 7WULLR98GP;
				GENERATE_INFOPLIST_FILE = YES;
				MARKETING_VERSION = 1.0;
				PRODUCT_BUNDLE_IDENTIFIER = com.rafa.CleanArchitectureUITests;
				PRODUCT_NAME = "$(TARGET_NAME)";
				SWIFT_EMIT_LOC_STRINGS = NO;
				SWIFT_VERSION = 5.0;
				TARGETED_DEVICE_FAMILY = "1,2";
				TEST_TARGET_NAME = CleanArchitecture;
			};
			name = Debug;
		};
		05FA72542D6DC13700DE314B /* Release */ = {
			isa = XCBuildConfiguration;
			baseConfigurationReference = 0B1D0882612843E1C264255C /* Pods-CleanArchitecture-CleanArchitectureUITests.release.xcconfig */;
			buildSettings = {
				CODE_SIGN_STYLE = Automatic;
				CURRENT_PROJECT_VERSION = 1;
				DEVELOPMENT_TEAM = 7WULLR98GP;
				GENERATE_INFOPLIST_FILE = YES;
				MARKETING_VERSION = 1.0;
				PRODUCT_BUNDLE_IDENTIFIER = com.rafa.CleanArchitectureUITests;
				PRODUCT_NAME = "$(TARGET_NAME)";
				SWIFT_EMIT_LOC_STRINGS = NO;
				SWIFT_VERSION = 5.0;
				TARGETED_DEVICE_FAMILY = "1,2";
				TEST_TARGET_NAME = CleanArchitecture;
			};
			name = Release;
		};
/* End XCBuildConfiguration section */

/* Begin XCConfigurationList section */
		05FA721C2D6DC13500DE314B /* Build configuration list for PBXProject "CleanArchitecture" */ = {
			isa = XCConfigurationList;
			buildConfigurations = (
				05FA724D2D6DC13700DE314B /* Debug */,
				05FA724E2D6DC13700DE314B /* Release */,
			);
			defaultConfigurationIsVisible = 0;
			defaultConfigurationName = Release;
		};
		05FA724A2D6DC13700DE314B /* Build configuration list for PBXNativeTarget "CleanArchitecture" */ = {
			isa = XCConfigurationList;
			buildConfigurations = (
				05FA724B2D6DC13700DE314B /* Debug */,
				05FA724C2D6DC13700DE314B /* Release */,
			);
			defaultConfigurationIsVisible = 0;
			defaultConfigurationName = Release;
		};
		05FA724F2D6DC13700DE314B /* Build configuration list for PBXNativeTarget "CleanArchitectureTests" */ = {
			isa = XCConfigurationList;
			buildConfigurations = (
				05FA72502D6DC13700DE314B /* Debug */,
				05FA72512D6DC13700DE314B /* Release */,
			);
			defaultConfigurationIsVisible = 0;
			defaultConfigurationName = Release;
		};
		05FA72522D6DC13700DE314B /* Build configuration list for PBXNativeTarget "CleanArchitectureUITests" */ = {
			isa = XCConfigurationList;
			buildConfigurations = (
				05FA72532D6DC13700DE314B /* Debug */,
				05FA72542D6DC13700DE314B /* Release */,
			);
			defaultConfigurationIsVisible = 0;
			defaultConfigurationName = Release;
		};
/* End XCConfigurationList section */
	};
	rootObject = 05FA72192D6DC13500DE314B /* Project object */;
}
